// !$*UTF8*$!
{
	archiveVersion = 1;
	classes = {
	};
	objectVersion = 46;
	objects = {

/* Begin PBXBuildFile section */
		8285CBE017A11B6D00E9AAE3 /* MapViewController.m in Sources */ = {isa = PBXBuildFile; fileRef = 8285CBDF17A11B6D00E9AAE3 /* MapViewController.m */; };
		8285CBE217A11C1800E9AAE3 /* MapKit.framework in Frameworks */ = {isa = PBXBuildFile; fileRef = 8285CBE117A11C1800E9AAE3 /* MapKit.framework */; };
		8285CBE917A11F2500E9AAE3 /* IGRequest.m in Sources */ = {isa = PBXBuildFile; fileRef = 8285CBE617A11F2500E9AAE3 /* IGRequest.m */; };
		8285CBEA17A11F2500E9AAE3 /* Instagram.m in Sources */ = {isa = PBXBuildFile; fileRef = 8285CBE817A11F2500E9AAE3 /* Instagram.m */; };
		8285CBED17A12BFE00E9AAE3 /* PhotoListTableViewController.m in Sources */ = {isa = PBXBuildFile; fileRef = 8285CBEC17A12BFE00E9AAE3 /* PhotoListTableViewController.m */; };
		8285CBF017A1514C00E9AAE3 /* TTTTimeIntervalFormatter.m in Sources */ = {isa = PBXBuildFile; fileRef = 8285CBEF17A1514C00E9AAE3 /* TTTTimeIntervalFormatter.m */; };
		82A2932317A1143E00B91BBA /* Foundation.framework in Frameworks */ = {isa = PBXBuildFile; fileRef = 82A2932217A1143E00B91BBA /* Foundation.framework */; };
		82A2932517A1143E00B91BBA /* CoreGraphics.framework in Frameworks */ = {isa = PBXBuildFile; fileRef = 82A2932417A1143E00B91BBA /* CoreGraphics.framework */; };
		82A2932717A1143E00B91BBA /* UIKit.framework in Frameworks */ = {isa = PBXBuildFile; fileRef = 82A2932617A1143E00B91BBA /* UIKit.framework */; };
		82A2932D17A1143E00B91BBA /* InfoPlist.strings in Resources */ = {isa = PBXBuildFile; fileRef = 82A2932B17A1143E00B91BBA /* InfoPlist.strings */; };
		82A2932F17A1143E00B91BBA /* main.m in Sources */ = {isa = PBXBuildFile; fileRef = 82A2932E17A1143E00B91BBA /* main.m */; };
		82A2933317A1143E00B91BBA /* AppDelegate.m in Sources */ = {isa = PBXBuildFile; fileRef = 82A2933217A1143E00B91BBA /* AppDelegate.m */; };
		82A2933617A1143E00B91BBA /* Main.storyboard in Resources */ = {isa = PBXBuildFile; fileRef = 82A2933417A1143E00B91BBA /* Main.storyboard */; };
		82A2933B17A1143E00B91BBA /* Images.xcassets in Resources */ = {isa = PBXBuildFile; fileRef = 82A2933A17A1143E00B91BBA /* Images.xcassets */; };
		82A2934217A1143F00B91BBA /* XCTest.framework in Frameworks */ = {isa = PBXBuildFile; fileRef = 82A2934117A1143F00B91BBA /* XCTest.framework */; };
		82A2934317A1143F00B91BBA /* Foundation.framework in Frameworks */ = {isa = PBXBuildFile; fileRef = 82A2932217A1143E00B91BBA /* Foundation.framework */; };
		82A2934417A1143F00B91BBA /* UIKit.framework in Frameworks */ = {isa = PBXBuildFile; fileRef = 82A2932617A1143E00B91BBA /* UIKit.framework */; };
		82A2934C17A1143F00B91BBA /* InfoPlist.strings in Resources */ = {isa = PBXBuildFile; fileRef = 82A2934A17A1143F00B91BBA /* InfoPlist.strings */; };
		82A2934E17A1143F00B91BBA /* InstagrawrTests.m in Sources */ = {isa = PBXBuildFile; fileRef = 82A2934D17A1143F00B91BBA /* InstagrawrTests.m */; };
/* End PBXBuildFile section */

/* Begin PBXContainerItemProxy section */
		82A2934517A1143F00B91BBA /* PBXContainerItemProxy */ = {
			isa = PBXContainerItemProxy;
			containerPortal = 82A2931717A1143E00B91BBA /* Project object */;
			proxyType = 1;
			remoteGlobalIDString = 82A2931E17A1143E00B91BBA;
			remoteInfo = Instagrawr;
		};
/* End PBXContainerItemProxy section */

/* Begin PBXFileReference section */
		8285CBDE17A11B6D00E9AAE3 /* MapViewController.h */ = {isa = PBXFileReference; fileEncoding = 4; lastKnownFileType = sourcecode.c.h; path = MapViewController.h; sourceTree = "<group>"; };
		8285CBDF17A11B6D00E9AAE3 /* MapViewController.m */ = {isa = PBXFileReference; fileEncoding = 4; lastKnownFileType = sourcecode.c.objc; path = MapViewController.m; sourceTree = "<group>"; };
		8285CBE117A11C1800E9AAE3 /* MapKit.framework */ = {isa = PBXFileReference; lastKnownFileType = wrapper.framework; name = MapKit.framework; path = System/Library/Frameworks/MapKit.framework; sourceTree = SDKROOT; };
		8285CBE417A11F2500E9AAE3 /* IGConnect.h */ = {isa = PBXFileReference; fileEncoding = 4; lastKnownFileType = sourcecode.c.h; path = IGConnect.h; sourceTree = "<group>"; };
		8285CBE517A11F2500E9AAE3 /* IGRequest.h */ = {isa = PBXFileReference; fileEncoding = 4; lastKnownFileType = sourcecode.c.h; path = IGRequest.h; sourceTree = "<group>"; };
		8285CBE617A11F2500E9AAE3 /* IGRequest.m */ = {isa = PBXFileReference; fileEncoding = 4; lastKnownFileType = sourcecode.c.objc; path = IGRequest.m; sourceTree = "<group>"; };
		8285CBE717A11F2500E9AAE3 /* Instagram.h */ = {isa = PBXFileReference; fileEncoding = 4; lastKnownFileType = sourcecode.c.h; path = Instagram.h; sourceTree = "<group>"; };
		8285CBE817A11F2500E9AAE3 /* Instagram.m */ = {isa = PBXFileReference; fileEncoding = 4; lastKnownFileType = sourcecode.c.objc; path = Instagram.m; sourceTree = "<group>"; };
		8285CBEB17A12BFE00E9AAE3 /* PhotoListTableViewController.h */ = {isa = PBXFileReference; fileEncoding = 4; lastKnownFileType = sourcecode.c.h; path = PhotoListTableViewController.h; sourceTree = "<group>"; };
		8285CBEC17A12BFE00E9AAE3 /* PhotoListTableViewController.m */ = {isa = PBXFileReference; fileEncoding = 4; lastKnownFileType = sourcecode.c.objc; path = PhotoListTableViewController.m; sourceTree = "<group>"; };
		8285CBEE17A1514C00E9AAE3 /* TTTTimeIntervalFormatter.h */ = {isa = PBXFileReference; fileEncoding = 4; lastKnownFileType = sourcecode.c.h; path = TTTTimeIntervalFormatter.h; sourceTree = "<group>"; };
		8285CBEF17A1514C00E9AAE3 /* TTTTimeIntervalFormatter.m */ = {isa = PBXFileReference; fileEncoding = 4; lastKnownFileType = sourcecode.c.objc; path = TTTTimeIntervalFormatter.m; sourceTree = "<group>"; };
		82A2931F17A1143E00B91BBA /* Instagrawr.app */ = {isa = PBXFileReference; explicitFileType = wrapper.application; includeInIndex = 0; path = Instagrawr.app; sourceTree = BUILT_PRODUCTS_DIR; };
		82A2932217A1143E00B91BBA /* Foundation.framework */ = {isa = PBXFileReference; lastKnownFileType = wrapper.framework; name = Foundation.framework; path = System/Library/Frameworks/Foundation.framework; sourceTree = SDKROOT; };
		82A2932417A1143E00B91BBA /* CoreGraphics.framework */ = {isa = PBXFileReference; lastKnownFileType = wrapper.framework; name = CoreGraphics.framework; path = System/Library/Frameworks/CoreGraphics.framework; sourceTree = SDKROOT; };
		82A2932617A1143E00B91BBA /* UIKit.framework */ = {isa = PBXFileReference; lastKnownFileType = wrapper.framework; name = UIKit.framework; path = System/Library/Frameworks/UIKit.framework; sourceTree = SDKROOT; };
		82A2932A17A1143E00B91BBA /* Instagrawr-Info.plist */ = {isa = PBXFileReference; lastKnownFileType = text.plist.xml; path = "Instagrawr-Info.plist"; sourceTree = "<group>"; };
		82A2932C17A1143E00B91BBA /* en */ = {isa = PBXFileReference; lastKnownFileType = text.plist.strings; name = en; path = en.lproj/InfoPlist.strings; sourceTree = "<group>"; };
		82A2932E17A1143E00B91BBA /* main.m */ = {isa = PBXFileReference; lastKnownFileType = sourcecode.c.objc; path = main.m; sourceTree = "<group>"; };
		82A2933017A1143E00B91BBA /* Instagrawr-Prefix.pch */ = {isa = PBXFileReference; lastKnownFileType = sourcecode.c.h; path = "Instagrawr-Prefix.pch"; sourceTree = "<group>"; };
		82A2933117A1143E00B91BBA /* AppDelegate.h */ = {isa = PBXFileReference; lastKnownFileType = sourcecode.c.h; path = AppDelegate.h; sourceTree = "<group>"; };
		82A2933217A1143E00B91BBA /* AppDelegate.m */ = {isa = PBXFileReference; lastKnownFileType = sourcecode.c.objc; path = AppDelegate.m; sourceTree = "<group>"; };
		82A2933517A1143E00B91BBA /* Base */ = {isa = PBXFileReference; lastKnownFileType = file.storyboard; name = Base; path = Base.lproj/Main.storyboard; sourceTree = "<group>"; };
		82A2933A17A1143E00B91BBA /* Images.xcassets */ = {isa = PBXFileReference; lastKnownFileType = folder.assetcatalog; path = Images.xcassets; sourceTree = "<group>"; };
		82A2934017A1143F00B91BBA /* InstagrawrTests.xctest */ = {isa = PBXFileReference; explicitFileType = wrapper.cfbundle; includeInIndex = 0; path = InstagrawrTests.xctest; sourceTree = BUILT_PRODUCTS_DIR; };
		82A2934117A1143F00B91BBA /* XCTest.framework */ = {isa = PBXFileReference; lastKnownFileType = wrapper.framework; name = XCTest.framework; path = Library/Frameworks/XCTest.framework; sourceTree = DEVELOPER_DIR; };
		82A2934917A1143F00B91BBA /* InstagrawrTests-Info.plist */ = {isa = PBXFileReference; lastKnownFileType = text.plist.xml; path = "InstagrawrTests-Info.plist"; sourceTree = "<group>"; };
		82A2934B17A1143F00B91BBA /* en */ = {isa = PBXFileReference; lastKnownFileType = text.plist.strings; name = en; path = en.lproj/InfoPlist.strings; sourceTree = "<group>"; };
		82A2934D17A1143F00B91BBA /* InstagrawrTests.m */ = {isa = PBXFileReference; lastKnownFileType = sourcecode.c.objc; path = InstagrawrTests.m; sourceTree = "<group>"; };
/* End PBXFileReference section */

/* Begin PBXFrameworksBuildPhase section */
		82A2931C17A1143E00B91BBA /* Frameworks */ = {
			isa = PBXFrameworksBuildPhase;
			buildActionMask = 2147483647;
			files = (
				8285CBE217A11C1800E9AAE3 /* MapKit.framework in Frameworks */,
				82A2932517A1143E00B91BBA /* CoreGraphics.framework in Frameworks */,
				82A2932717A1143E00B91BBA /* UIKit.framework in Frameworks */,
				82A2932317A1143E00B91BBA /* Foundation.framework in Frameworks */,
			);
			runOnlyForDeploymentPostprocessing = 0;
		};
		82A2933D17A1143F00B91BBA /* Frameworks */ = {
			isa = PBXFrameworksBuildPhase;
			buildActionMask = 2147483647;
			files = (
				82A2934217A1143F00B91BBA /* XCTest.framework in Frameworks */,
				82A2934417A1143F00B91BBA /* UIKit.framework in Frameworks */,
				82A2934317A1143F00B91BBA /* Foundation.framework in Frameworks */,
			);
			runOnlyForDeploymentPostprocessing = 0;
		};
/* End PBXFrameworksBuildPhase section */

/* Begin PBXGroup section */
		8285CBE317A11F2500E9AAE3 /* instagram-ios-sdk */ = {
			isa = PBXGroup;
			children = (
				8285CBE417A11F2500E9AAE3 /* IGConnect.h */,
				8285CBE517A11F2500E9AAE3 /* IGRequest.h */,
				8285CBE617A11F2500E9AAE3 /* IGRequest.m */,
				8285CBE717A11F2500E9AAE3 /* Instagram.h */,
				8285CBE817A11F2500E9AAE3 /* Instagram.m */,
			);
			name = "instagram-ios-sdk";
			path = "Instagrawr/instagram-ios-sdk";
			sourceTree = "<group>";
		};
		82A2931617A1143E00B91BBA = {
			isa = PBXGroup;
			children = (
				8285CBE317A11F2500E9AAE3 /* instagram-ios-sdk */,
				82A2932817A1143E00B91BBA /* Instagrawr */,
				82A2934717A1143F00B91BBA /* InstagrawrTests */,
				82A2932117A1143E00B91BBA /* Frameworks */,
				82A2932017A1143E00B91BBA /* Products */,
			);
			sourceTree = "<group>";
		};
		82A2932017A1143E00B91BBA /* Products */ = {
			isa = PBXGroup;
			children = (
				82A2931F17A1143E00B91BBA /* Instagrawr.app */,
				82A2934017A1143F00B91BBA /* InstagrawrTests.xctest */,
			);
			name = Products;
			sourceTree = "<group>";
		};
		82A2932117A1143E00B91BBA /* Frameworks */ = {
			isa = PBXGroup;
			children = (
				8285CBE117A11C1800E9AAE3 /* MapKit.framework */,
				82A2932217A1143E00B91BBA /* Foundation.framework */,
				82A2932417A1143E00B91BBA /* CoreGraphics.framework */,
				82A2932617A1143E00B91BBA /* UIKit.framework */,
				82A2934117A1143F00B91BBA /* XCTest.framework */,
			);
			name = Frameworks;
			sourceTree = "<group>";
		};
		82A2932817A1143E00B91BBA /* Instagrawr */ = {
			isa = PBXGroup;
			children = (
				82A2933117A1143E00B91BBA /* AppDelegate.h */,
				82A2933217A1143E00B91BBA /* AppDelegate.m */,
				8285CBDE17A11B6D00E9AAE3 /* MapViewController.h */,
				8285CBDF17A11B6D00E9AAE3 /* MapViewController.m */,
				82A2933417A1143E00B91BBA /* Main.storyboard */,
				8285CBEB17A12BFE00E9AAE3 /* PhotoListTableViewController.h */,
				8285CBEC17A12BFE00E9AAE3 /* PhotoListTableViewController.m */,
				8285CBEE17A1514C00E9AAE3 /* TTTTimeIntervalFormatter.h */,
				8285CBEF17A1514C00E9AAE3 /* TTTTimeIntervalFormatter.m */,
				82A2933A17A1143E00B91BBA /* Images.xcassets */,
				82A2932917A1143E00B91BBA /* Supporting Files */,
			);
			path = Instagrawr;
			sourceTree = "<group>";
		};
		82A2932917A1143E00B91BBA /* Supporting Files */ = {
			isa = PBXGroup;
			children = (
				82A2932A17A1143E00B91BBA /* Instagrawr-Info.plist */,
				82A2932B17A1143E00B91BBA /* InfoPlist.strings */,
				82A2932E17A1143E00B91BBA /* main.m */,
				82A2933017A1143E00B91BBA /* Instagrawr-Prefix.pch */,
			);
			name = "Supporting Files";
			sourceTree = "<group>";
		};
		82A2934717A1143F00B91BBA /* InstagrawrTests */ = {
			isa = PBXGroup;
			children = (
				82A2934D17A1143F00B91BBA /* InstagrawrTests.m */,
				82A2934817A1143F00B91BBA /* Supporting Files */,
			);
			path = InstagrawrTests;
			sourceTree = "<group>";
		};
		82A2934817A1143F00B91BBA /* Supporting Files */ = {
			isa = PBXGroup;
			children = (
				82A2934917A1143F00B91BBA /* InstagrawrTests-Info.plist */,
				82A2934A17A1143F00B91BBA /* InfoPlist.strings */,
			);
			name = "Supporting Files";
			sourceTree = "<group>";
		};
/* End PBXGroup section */

/* Begin PBXNativeTarget section */
		82A2931E17A1143E00B91BBA /* Instagrawr */ = {
			isa = PBXNativeTarget;
			buildConfigurationList = 82A2935117A1143F00B91BBA /* Build configuration list for PBXNativeTarget "Instagrawr" */;
			buildPhases = (
				82A2931B17A1143E00B91BBA /* Sources */,
				82A2931C17A1143E00B91BBA /* Frameworks */,
				82A2931D17A1143E00B91BBA /* Resources */,
			);
			buildRules = (
			);
			dependencies = (
			);
			name = Instagrawr;
			productName = Instagrawr;
			productReference = 82A2931F17A1143E00B91BBA /* Instagrawr.app */;
			productType = "com.apple.product-type.application";
		};
		82A2933F17A1143F00B91BBA /* InstagrawrTests */ = {
			isa = PBXNativeTarget;
			buildConfigurationList = 82A2935417A1143F00B91BBA /* Build configuration list for PBXNativeTarget "InstagrawrTests" */;
			buildPhases = (
				82A2933C17A1143F00B91BBA /* Sources */,
				82A2933D17A1143F00B91BBA /* Frameworks */,
				82A2933E17A1143F00B91BBA /* Resources */,
			);
			buildRules = (
			);
			dependencies = (
				82A2934617A1143F00B91BBA /* PBXTargetDependency */,
			);
			name = InstagrawrTests;
			productName = InstagrawrTests;
			productReference = 82A2934017A1143F00B91BBA /* InstagrawrTests.xctest */;
			productType = "com.apple.product-type.bundle.unit-test";
		};
/* End PBXNativeTarget section */

/* Begin PBXProject section */
		82A2931717A1143E00B91BBA /* Project object */ = {
			isa = PBXProject;
			attributes = {
				LastUpgradeCheck = 0500;
				ORGANIZATIONNAME = "Brian Eng";
				TargetAttributes = {
					82A2931E17A1143E00B91BBA = {
						DevelopmentTeam = J53LNS3S32;
					};
					82A2933F17A1143F00B91BBA = {
						TestTargetID = 82A2931E17A1143E00B91BBA;
					};
				};
			};
			buildConfigurationList = 82A2931A17A1143E00B91BBA /* Build configuration list for PBXProject "Instagrawr" */;
			compatibilityVersion = "Xcode 3.2";
			developmentRegion = English;
			hasScannedForEncodings = 0;
			knownRegions = (
				en,
				Base,
			);
			mainGroup = 82A2931617A1143E00B91BBA;
			productRefGroup = 82A2932017A1143E00B91BBA /* Products */;
			projectDirPath = "";
			projectRoot = "";
			targets = (
				82A2931E17A1143E00B91BBA /* Instagrawr */,
				82A2933F17A1143F00B91BBA /* InstagrawrTests */,
			);
		};
/* End PBXProject section */

/* Begin PBXResourcesBuildPhase section */
		82A2931D17A1143E00B91BBA /* Resources */ = {
			isa = PBXResourcesBuildPhase;
			buildActionMask = 2147483647;
			files = (
				82A2933B17A1143E00B91BBA /* Images.xcassets in Resources */,
				82A2932D17A1143E00B91BBA /* InfoPlist.strings in Resources */,
				82A2933617A1143E00B91BBA /* Main.storyboard in Resources */,
			);
			runOnlyForDeploymentPostprocessing = 0;
		};
		82A2933E17A1143F00B91BBA /* Resources */ = {
			isa = PBXResourcesBuildPhase;
			buildActionMask = 2147483647;
			files = (
				82A2934C17A1143F00B91BBA /* InfoPlist.strings in Resources */,
			);
			runOnlyForDeploymentPostprocessing = 0;
		};
/* End PBXResourcesBuildPhase section */

/* Begin PBXSourcesBuildPhase section */
		82A2931B17A1143E00B91BBA /* Sources */ = {
			isa = PBXSourcesBuildPhase;
			buildActionMask = 2147483647;
			files = (
				8285CBEA17A11F2500E9AAE3 /* Instagram.m in Sources */,
				8285CBE017A11B6D00E9AAE3 /* MapViewController.m in Sources */,
				82A2933317A1143E00B91BBA /* AppDelegate.m in Sources */,
				82A2932F17A1143E00B91BBA /* main.m in Sources */,
				8285CBF017A1514C00E9AAE3 /* TTTTimeIntervalFormatter.m in Sources */,
				8285CBED17A12BFE00E9AAE3 /* PhotoListTableViewController.m in Sources */,
				8285CBE917A11F2500E9AAE3 /* IGRequest.m in Sources */,
			);
			runOnlyForDeploymentPostprocessing = 0;
		};
		82A2933C17A1143F00B91BBA /* Sources */ = {
			isa = PBXSourcesBuildPhase;
			buildActionMask = 2147483647;
			files = (
				82A2934E17A1143F00B91BBA /* InstagrawrTests.m in Sources */,
			);
			runOnlyForDeploymentPostprocessing = 0;
		};
/* End PBXSourcesBuildPhase section */

/* Begin PBXTargetDependency section */
		82A2934617A1143F00B91BBA /* PBXTargetDependency */ = {
			isa = PBXTargetDependency;
			target = 82A2931E17A1143E00B91BBA /* Instagrawr */;
			targetProxy = 82A2934517A1143F00B91BBA /* PBXContainerItemProxy */;
		};
/* End PBXTargetDependency section */

/* Begin PBXVariantGroup section */
		82A2932B17A1143E00B91BBA /* InfoPlist.strings */ = {
			isa = PBXVariantGroup;
			children = (
				82A2932C17A1143E00B91BBA /* en */,
			);
			name = InfoPlist.strings;
			sourceTree = "<group>";
		};
		82A2933417A1143E00B91BBA /* Main.storyboard */ = {
			isa = PBXVariantGroup;
			children = (
				82A2933517A1143E00B91BBA /* Base */,
			);
			name = Main.storyboard;
			sourceTree = "<group>";
		};
		82A2934A17A1143F00B91BBA /* InfoPlist.strings */ = {
			isa = PBXVariantGroup;
			children = (
				82A2934B17A1143F00B91BBA /* en */,
			);
			name = InfoPlist.strings;
			sourceTree = "<group>";
		};
/* End PBXVariantGroup section */

/* Begin XCBuildConfiguration section */
		82A2934F17A1143F00B91BBA /* Debug */ = {
			isa = XCBuildConfiguration;
			buildSettings = {
				ALWAYS_SEARCH_USER_PATHS = NO;
				CLANG_CXX_LANGUAGE_STANDARD = "gnu++0x";
				CLANG_CXX_LIBRARY = "libc++";
				CLANG_ENABLE_MODULES = YES;
				CLANG_ENABLE_OBJC_ARC = YES;
				CLANG_WARN_BOOL_CONVERSION = YES;
				CLANG_WARN_CONSTANT_CONVERSION = YES;
				CLANG_WARN_DIRECT_OBJC_ISA_USAGE = YES_ERROR;
				CLANG_WARN_EMPTY_BODY = YES;
				CLANG_WARN_ENUM_CONVERSION = YES;
				CLANG_WARN_INT_CONVERSION = YES;
				CLANG_WARN_OBJC_ROOT_CLASS = YES_ERROR;
				CLANG_WARN__DUPLICATE_METHOD_MATCH = YES;
				"CODE_SIGN_IDENTITY[sdk=iphoneos*]" = "iPhone Developer";
				COPY_PHASE_STRIP = NO;
				GCC_C_LANGUAGE_STANDARD = gnu99;
				GCC_DYNAMIC_NO_PIC = NO;
				GCC_OPTIMIZATION_LEVEL = 0;
				GCC_PREPROCESSOR_DEFINITIONS = (
					"DEBUG=1",
					"$(inherited)",
				);
				GCC_SYMBOLS_PRIVATE_EXTERN = NO;
				GCC_WARN_ABOUT_RETURN_TYPE = YES_ERROR;
				GCC_WARN_UNDECLARED_SELECTOR = YES;
				GCC_WARN_UNINITIALIZED_AUTOS = YES;
				GCC_WARN_UNUSED_FUNCTION = YES;
				GCC_WARN_UNUSED_VARIABLE = YES;
				IPHONEOS_DEPLOYMENT_TARGET = 7.0;
				ONLY_ACTIVE_ARCH = YES;
				SDKROOT = iphoneos;
				TARGETED_DEVICE_FAMILY = 2;
			};
			name = Debug;
		};
		82A2935017A1143F00B91BBA /* Release */ = {
			isa = XCBuildConfiguration;
			buildSettings = {
				ALWAYS_SEARCH_USER_PATHS = NO;
				CLANG_CXX_LANGUAGE_STANDARD = "gnu++0x";
				CLANG_CXX_LIBRARY = "libc++";
				CLANG_ENABLE_MODULES = YES;
				CLANG_ENABLE_OBJC_ARC = YES;
				CLANG_WARN_BOOL_CONVERSION = YES;
				CLANG_WARN_CONSTANT_CONVERSION = YES;
				CLANG_WARN_DIRECT_OBJC_ISA_USAGE = YES_ERROR;
				CLANG_WARN_EMPTY_BODY = YES;
				CLANG_WARN_ENUM_CONVERSION = YES;
				CLANG_WARN_INT_CONVERSION = YES;
				CLANG_WARN_OBJC_ROOT_CLASS = YES_ERROR;
				CLANG_WARN__DUPLICATE_METHOD_MATCH = YES;
				"CODE_SIGN_IDENTITY[sdk=iphoneos*]" = "iPhone Developer";
				COPY_PHASE_STRIP = YES;
				ENABLE_NS_ASSERTIONS = NO;
				GCC_C_LANGUAGE_STANDARD = gnu99;
				GCC_WARN_ABOUT_RETURN_TYPE = YES_ERROR;
				GCC_WARN_UNDECLARED_SELECTOR = YES;
				GCC_WARN_UNINITIALIZED_AUTOS = YES;
				GCC_WARN_UNUSED_FUNCTION = YES;
				GCC_WARN_UNUSED_VARIABLE = YES;
				IPHONEOS_DEPLOYMENT_TARGET = 7.0;
				SDKROOT = iphoneos;
				TARGETED_DEVICE_FAMILY = 2;
				VALIDATE_PRODUCT = YES;
			};
			name = Release;
		};
		82A2935217A1143F00B91BBA /* Debug */ = {
			isa = XCBuildConfiguration;
			buildSettings = {
				ASSETCATALOG_COMPILER_APPICON_NAME = AppIcon;
				ASSETCATALOG_COMPILER_LAUNCHIMAGE_NAME = LaunchImage;
				CODE_SIGN_IDENTITY = "iPhone Developer";
				GCC_PRECOMPILE_PREFIX_HEADER = YES;
				GCC_PREFIX_HEADER = "Instagrawr/Instagrawr-Prefix.pch";
				INFOPLIST_FILE = "Instagrawr/Instagrawr-Info.plist";
				PRODUCT_NAME = "$(TARGET_NAME)";
				WRAPPER_EXTENSION = app;
			};
			name = Debug;
		};
		82A2935317A1143F00B91BBA /* Release */ = {
			isa = XCBuildConfiguration;
			buildSettings = {
				ASSETCATALOG_COMPILER_APPICON_NAME = AppIcon;
				ASSETCATALOG_COMPILER_LAUNCHIMAGE_NAME = LaunchImage;
				CODE_SIGN_IDENTITY = "iPhone Developer";
				GCC_PRECOMPILE_PREFIX_HEADER = YES;
				GCC_PREFIX_HEADER = "Instagrawr/Instagrawr-Prefix.pch";
				INFOPLIST_FILE = "Instagrawr/Instagrawr-Info.plist";
				PRODUCT_NAME = "$(TARGET_NAME)";
				WRAPPER_EXTENSION = app;
			};
			name = Release;
		};
		82A2935517A1143F00B91BBA /* Debug */ = {
			isa = XCBuildConfiguration;
			buildSettings = {
				BUNDLE_LOADER = "$(BUILT_PRODUCTS_DIR)/Instagrawr.app/Instagrawr";
				FRAMEWORK_SEARCH_PATHS = (
					"$(SDKROOT)/Developer/Library/Frameworks",
					"$(inherited)",
					"$(SYSTEM_APPS_DIR)/Xcode5-DP3.app/Contents/Developer/Library/Frameworks",
				);
				GCC_PRECOMPILE_PREFIX_HEADER = YES;
				GCC_PREFIX_HEADER = "Instagrawr/Instagrawr-Prefix.pch";
				GCC_PREPROCESSOR_DEFINITIONS = (
					"DEBUG=1",
					"$(inherited)",
				);
				INFOPLIST_FILE = "InstagrawrTests/InstagrawrTests-Info.plist";
				PRODUCT_NAME = "$(TARGET_NAME)";
				TEST_HOST = "$(BUNDLE_LOADER)";
				WRAPPER_EXTENSION = xctest;
			};
			name = Debug;
		};
		82A2935617A1143F00B91BBA /* Release */ = {
			isa = XCBuildConfiguration;
			buildSettings = {
				BUNDLE_LOADER = "$(BUILT_PRODUCTS_DIR)/Instagrawr.app/Instagrawr";
				FRAMEWORK_SEARCH_PATHS = (
					"$(SDKROOT)/Developer/Library/Frameworks",
					"$(inherited)",
					"$(SYSTEM_APPS_DIR)/Xcode5-DP3.app/Contents/Developer/Library/Frameworks",
				);
				GCC_PRECOMPILE_PREFIX_HEADER = YES;
				GCC_PREFIX_HEADER = "Instagrawr/Instagrawr-Prefix.pch";
				INFOPLIST_FILE = "InstagrawrTests/InstagrawrTests-Info.plist";
				PRODUCT_NAME = "$(TARGET_NAME)";
				TEST_HOST = "$(BUNDLE_LOADER)";
				WRAPPER_EXTENSION = xctest;
			};
			name = Release;
		};
/* End XCBuildConfiguration section */

/* Begin XCConfigurationList section */
		82A2931A17A1143E00B91BBA /* Build configuration list for PBXProject "Instagrawr" */ = {
			isa = XCConfigurationList;
			buildConfigurations = (
				82A2934F17A1143F00B91BBA /* Debug */,
				82A2935017A1143F00B91BBA /* Release */,
			);
			defaultConfigurationIsVisible = 0;
			defaultConfigurationName = Release;
		};
		82A2935117A1143F00B91BBA /* Build configuration list for PBXNativeTarget "Instagrawr" */ = {
			isa = XCConfigurationList;
			buildConfigurations = (
				82A2935217A1143F00B91BBA /* Debug */,
				82A2935317A1143F00B91BBA /* Release */,
			);
			defaultConfigurationIsVisible = 0;
			defaultConfigurationName = Release;
		};
		82A2935417A1143F00B91BBA /* Build configuration list for PBXNativeTarget "InstagrawrTests" */ = {
			isa = XCConfigurationList;
			buildConfigurations = (
				82A2935517A1143F00B91BBA /* Debug */,
				82A2935617A1143F00B91BBA /* Release */,
			);
			defaultConfigurationIsVisible = 0;
			defaultConfigurationName = Release;
		};
/* End XCConfigurationList section */
	};
	rootObject = 82A2931717A1143E00B91BBA /* Project object */;
}
